PODS:
  - AFNetworking (4.0.1):
    - AFNetworking/NSURLSession (= 4.0.1)
    - AFNetworking/Reachability (= 4.0.1)
    - AFNetworking/Security (= 4.0.1)
    - AFNetworking/Serialization (= 4.0.1)
    - AFNetworking/UIKit (= 4.0.1)
  - AFNetworking/NSURLSession (4.0.1):
    - AFNetworking/Reachability
    - AFNetworking/Security
    - AFNetworking/Serialization
  - AFNetworking/Reachability (4.0.1)
  - AFNetworking/Security (4.0.1)
  - AFNetworking/Serialization (4.0.1)
  - AFNetworking/UIKit (4.0.1):
    - AFNetworking/NSURLSession
  - AMapFoundation (1.6.6)
  - AMapLocation (2.6.0):
    - AMapFoundation (~> 1.4)
  - AMapSearch (6.1.1):
    - AMapFoundation (~> 1.4)
  - Bugly (2.5.71)
  - CKYPhotoBrowser (1.0.0):
    - YYWebImage
  - CocoaLumberjack (3.6.0):
    - CocoaLumberjack/Core (= 3.6.0)
  - CocoaLumberjack/Core (3.6.0)
  - fishhook (0.2)
  - JLRoutes (2.1)
  - LFLiveKit (2.6)
  - Masonry (1.1.0)
  - MBProgressHUD (1.2.0)
  - MJRefresh (3.2.2)
  - OCMock (3.8.1)
  - OpenSSL (1.0.210)
  - ReactiveObjC (3.1.1)
  - SAMKeychain (1.5.3)
  - SDWebImage (5.11.0):
    - SDWebImage/Core (= 5.11.0)
  - SDWebImage/Core (5.11.0)
  - YYCache (1.0.4)
  - YYCategories (1.0.4):
    - YYCategories/no-arc (= 1.0.4)
  - YYCategories/no-arc (1.0.4)
  - YYImage (1.0.4):
    - YYImage/Core (= 1.0.4)
  - YYImage/Core (1.0.4)
  - YYModel (1.0.4)
  - YYText (1.0.7)
  - YYWebImage (1.0.5):
    - YYCache
    - YYImage

DEPENDENCIES:
  - AFNetworking
  - AMapLocation (= 2.6.0)
  - AMapSearch (= 6.1.1)
  - Bugly
  - CKYPhotoBrowser
  - CocoaLumberjack (= 3.6.0)
  - fishhook
  - JLRoutes
  - LFLiveKit (from `https://gitee.com/yier123456/LFLiveKit.git`, tag `2.6`)
  - Masonry
  - MBProgressHUD
  - MJRefresh (= 3.2.2)
  - OCMock
  - OpenSSL (from `./LocalSpec/OpenSSL`)
  - ReactiveObjC
  - SAMKeychain
  - SDWebImage
  - YYCategories
  - YYImage
  - YYModel
  - YYText

SPEC REPOS:
  trunk:
    - AFNetworking
    - AMapFoundation
    - AMapLocation
    - AMapSearch
    - Bugly
    - CKYPhotoBrowser
    - CocoaLumberjack
    - fishhook
    - JLRoutes
    - Masonry
    - MBProgressHUD
    - MJRefresh
    - OCMock
    - ReactiveObjC
    - SAMKeychain
    - SDWebImage
    - YYCache
    - YYCategories
    - YYImage
    - YYModel
    - YYText
    - YYWebImage

EXTERNAL SOURCES:
  LFLiveKit:
    :git: https://gitee.com/yier123456/LFLiveKit.git
    :tag: '2.6'
  OpenSSL:
    :path: "./LocalSpec/OpenSSL"

CHECKOUT OPTIONS:
  LFLiveKit:
    :git: https://gitee.com/yier123456/LFLiveKit.git
    :tag: '2.6'

SPEC CHECKSUMS:
  AFNetworking: 7864c38297c79aaca1500c33288e429c3451fdce
  AMapFoundation: 2d012d9aaa7a5c0d387ddb1a8c5f03e1d6df29b8
  AMapLocation: 55116a2c8956eab7550cbb56e989aa5cdcc424e3
  AMapSearch: 3dcbf85c403a2a0fe0eda5318caabc272b31f5e1
  Bugly: fd066c75c4a0eca1440f9b6a84bd37d51bfc85ac
  CKYPhotoBrowser: ed30c642324e9341ce97709aa7afb82c7d1fdf96
  CocoaLumberjack: 78b0c238666f4f58db069738ec176f4519557516
  fishhook: ea19933abfe8f2f52c55fd8b6e2718467d3ebc89
  JLRoutes: d755245322b94227662ea3e43492fdca94e05c5b
  LFLiveKit: 2219563721f8aa0f188effc3395a06e2d53b23f2
  Masonry: 678fab65091a9290e40e2832a55e7ab731aad201
  MBProgressHUD: 3ee5efcc380f6a79a7cc9b363dd669c5e1ae7406
  MJRefresh: 72a46ecaa2a0feaf48fc5198dff95f25f8bb27c6
  OCMock: 29f6e52085b4e7d9b075cbf03ed7c3112f82f934
  OpenSSL: 3c526c73a9f496f030056f1545bd8c677c1ae221
  ReactiveObjC: 011caa393aa0383245f2dcf9bf02e86b80b36040
  SAMKeychain: 483e1c9f32984d50ca961e26818a534283b4cd5c
  SDWebImage: 7acbb57630ac7db4a495547fb73916ff3e432f6b
  YYCache: 8105b6638f5e849296c71f331ff83891a4942952
  YYCategories: 6bcd4314c6661a561410dce4a793379ebd306abd
  YYImage: 1e1b62a9997399593e4b9c4ecfbbabbf1d3f3b54
  YYModel: 2a7fdd96aaa4b86a824e26d0c517de8928c04b30
  YYText: 5c461d709e24d55a182d1441c41dc639a18a4849
  YYWebImage: 5f7f36aee2ae293f016d418c7d6ba05c4863e928

PODFILE CHECKSUM: 16e3f6b7d5331ac0032015259738bf8016aa74d7

COCOAPODS: 1.10.1
